// !$*UTF8*$!
{
	archiveVersion = 1;
	classes = {
	};
	objectVersion = 46;
	objects = {

/* Begin PBXBuildFile section */
		D8FB66341F0C49C300FE4407 /* AppDelegate.swift in Sources */ = {isa = PBXBuildFile; fileRef = D8FB66331F0C49C300FE4407 /* AppDelegate.swift */; };
		D8FB66361F0C49C300FE4407 /* ViewController.swift in Sources */ = {isa = PBXBuildFile; fileRef = D8FB66351F0C49C300FE4407 /* ViewController.swift */; };
		D8FB66391F0C49C300FE4407 /* Main.storyboard in Resources */ = {isa = PBXBuildFile; fileRef = D8FB66371F0C49C300FE4407 /* Main.storyboard */; };
		D8FB663B1F0C49C300FE4407 /* Assets.xcassets in Resources */ = {isa = PBXBuildFile; fileRef = D8FB663A1F0C49C300FE4407 /* Assets.xcassets */; };
		D8FB663E1F0C49C300FE4407 /* LaunchScreen.storyboard in Resources */ = {isa = PBXBuildFile; fileRef = D8FB663C1F0C49C300FE4407 /* LaunchScreen.storyboard */; };
		D8FB66491F0C49C300FE4407 /* zzzzzTests.swift in Sources */ = {isa = PBXBuildFile; fileRef = D8FB66481F0C49C300FE4407 /* zzzzzTests.swift */; };
/* End PBXBuildFile section */

/* Begin PBXContainerItemProxy section */
		D8FB66451F0C49C300FE4407 /* PBXContainerItemProxy */ = {
			isa = PBXContainerItemProxy;
			containerPortal = D8FB66281F0C49C300FE4407 /* Project object */;
			proxyType = 1;
			remoteGlobalIDString = D8FB662F1F0C49C300FE4407;
			remoteInfo = zzzzz;
		};
/* End PBXContainerItemProxy section */

/* Begin PBXFileReference section */
		D8FB66301F0C49C300FE4407 /* zzzzz.app */ = {isa = PBXFileReference; explicitFileType = wrapper.application; includeInIndex = 0; path = zzzzz.app; sourceTree = BUILT_PRODUCTS_DIR; };
		D8FB66331F0C49C300FE4407 /* AppDelegate.swift */ = {isa = PBXFileReference; lastKnownFileType = sourcecode.swift; path = AppDelegate.swift; sourceTree = "<group>"; };
		D8FB66351F0C49C300FE4407 /* ViewController.swift */ = {isa = PBXFileReference; lastKnownFileType = sourcecode.swift; path = ViewController.swift; sourceTree = "<group>"; };
		D8FB66381F0C49C300FE4407 /* Base */ = {isa = PBXFileReference; lastKnownFileType = file.storyboard; name = Base; path = Base.lproj/Main.storyboard; sourceTree = "<group>"; };
		D8FB663A1F0C49C300FE4407 /* Assets.xcassets */ = {isa = PBXFileReference; lastKnownFileType = folder.assetcatalog; path = Assets.xcassets; sourceTree = "<group>"; };
		D8FB663D1F0C49C300FE4407 /* Base */ = {isa = PBXFileReference; lastKnownFileType = file.storyboard; name = Base; path = Base.lproj/LaunchScreen.storyboard; sourceTree = "<group>"; };
		D8FB663F1F0C49C300FE4407 /* Info.plist */ = {isa = PBXFileReference; lastKnownFileType = text.plist.xml; path = Info.plist; sourceTree = "<group>"; };
		D8FB66441F0C49C300FE4407 /* zzzzzTests.xctest */ = {isa = PBXFileReference; explicitFileType = wrapper.cfbundle; includeInIndex = 0; path = zzzzzTests.xctest; sourceTree = BUILT_PRODUCTS_DIR; };
		D8FB66481F0C49C300FE4407 /* zzzzzTests.swift */ = {isa = PBXFileReference; lastKnownFileType = sourcecode.swift; path = zzzzzTests.swift; sourceTree = "<group>"; };
		D8FB664A1F0C49C300FE4407 /* Info.plist */ = {isa = PBXFileReference; lastKnownFileType = text.plist.xml; path = Info.plist; sourceTree = "<group>"; };
/* End PBXFileReference section */

/* Begin PBXFrameworksBuildPhase section */
		D8FB662D1F0C49C300FE4407 /* Frameworks */ = {
			isa = PBXFrameworksBuildPhase;
			buildActionMask = 2147483647;
			files = (
			);
			runOnlyForDeploymentPostprocessing = 0;
		};
		D8FB66411F0C49C300FE4407 /* Frameworks */ = {
			isa = PBXFrameworksBuildPhase;
			buildActionMask = 2147483647;
			files = (
			);
			runOnlyForDeploymentPostprocessing = 0;
		};
/* End PBXFrameworksBuildPhase section */

/* Begin PBXGroup section */
		D8FB66271F0C49C300FE4407 = {
			isa = PBXGroup;
			children = (
				D8FB66321F0C49C300FE4407 /* zzzzz */,
				D8FB66471F0C49C300FE4407 /* zzzzzTests */,
				D8FB66311F0C49C300FE4407 /* Products */,
			);
			sourceTree = "<group>";
		};
		D8FB66311F0C49C300FE4407 /* Products */ = {
			isa = PBXGroup;
			children = (
				D8FB66301F0C49C300FE4407 /* zzzzz.app */,
				D8FB66441F0C49C300FE4407 /* zzzzzTests.xctest */,
			);
			name = Products;
			sourceTree = "<group>";
		};
		D8FB66321F0C49C300FE4407 /* zzzzz */ = {
			isa = PBXGroup;
			children = (
				D8FB66331F0C49C300FE4407 /* AppDelegate.swift */,
				D8FB66351F0C49C300FE4407 /* ViewController.swift */,
				D8FB66371F0C49C300FE4407 /* Main.storyboard */,
				D8FB663A1F0C49C300FE4407 /* Assets.xcassets */,
				D8FB663C1F0C49C300FE4407 /* LaunchScreen.storyboard */,
				D8FB663F1F0C49C300FE4407 /* Info.plist */,
			);
			path = zzzzz;
			sourceTree = "<group>";
		};
		D8FB66471F0C49C300FE4407 /* zzzzzTests */ = {
			isa = PBXGroup;
			children = (
				D8FB66481F0C49C300FE4407 /* zzzzzTests.swift */,
				D8FB664A1F0C49C300FE4407 /* Info.plist */,
			);
			path = zzzzzTests;
			sourceTree = "<group>";
		};
/* End PBXGroup section */

/* Begin PBXNativeTarget section */
		D8FB662F1F0C49C300FE4407 /* zzzzz */ = {
			isa = PBXNativeTarget;
			buildConfigurationList = D8FB664D1F0C49C300FE4407 /* Build configuration list for PBXNativeTarget "zzzzz" */;
			buildPhases = (
				D8FB662C1F0C49C300FE4407 /* Sources */,
				D8FB662D1F0C49C300FE4407 /* Frameworks */,
				D8FB662E1F0C49C300FE4407 /* Resources */,
			);
			buildRules = (
			);
			dependencies = (
			);
			name = zzzzz;
			productName = zzzzz;
			productReference = D8FB66301F0C49C300FE4407 /* zzzzz.app */;
			productType = "com.apple.product-type.application";
		};
		D8FB66431F0C49C300FE4407 /* zzzzzTests */ = {
			isa = PBXNativeTarget;
			buildConfigurationList = D8FB66501F0C49C300FE4407 /* Build configuration list for PBXNativeTarget "zzzzzTests" */;
			buildPhases = (
				D8FB66401F0C49C300FE4407 /* Sources */,
				D8FB66411F0C49C300FE4407 /* Frameworks */,
				D8FB66421F0C49C300FE4407 /* Resources */,
			);
			buildRules = (
			);
			dependencies = (
				D8FB66461F0C49C300FE4407 /* PBXTargetDependency */,
			);
			name = zzzzzTests;
			productName = zzzzzTests;
			productReference = D8FB66441F0C49C300FE4407 /* zzzzzTests.xctest */;
			productType = "com.apple.product-type.bundle.unit-test";
		};
/* End PBXNativeTarget section */

/* Begin PBXProject section */
		D8FB66281F0C49C300FE4407 /* Project object */ = {
			isa = PBXProject;
			attributes = {
				LastSwiftUpdateCheck = 0830;
				LastUpgradeCheck = 0830;
				ORGANIZATIONNAME = "jose luis Bustos";
				TargetAttributes = {
					D8FB662F1F0C49C300FE4407 = {
						CreatedOnToolsVersion = 8.3.3;
						DevelopmentTeam = AH9SPD7BPD;
						ProvisioningStyle = Automatic;
					};
					D8FB66431F0C49C300FE4407 = {
						CreatedOnToolsVersion = 8.3.3;
						DevelopmentTeam = AH9SPD7BPD;
						ProvisioningStyle = Automatic;
						TestTargetID = D8FB662F1F0C49C300FE4407;
					};
				};
			};
			buildConfigurationList = D8FB662B1F0C49C300FE4407 /* Build configuration list for PBXProject "zzzzz" */;
			compatibilityVersion = "Xcode 3.2";
			developmentRegion = English;
			hasScannedForEncodings = 0;
			knownRegions = (
				en,
				Base,
			);
			mainGroup = D8FB66271F0C49C300FE4407;
			productRefGroup = D8FB66311F0C49C300FE4407 /* Products */;
			projectDirPath = "";
			projectRoot = "";
			targets = (
				D8FB662F1F0C49C300FE4407 /* zzzzz */,
				D8FB66431F0C49C300FE4407 /* zzzzzTests */,
			);
		};
/* End PBXProject section */

/* Begin PBXResourcesBuildPhase section */
		D8FB662E1F0C49C300FE4407 /* Resources */ = {
			isa = PBXResourcesBuildPhase;
			buildActionMask = 2147483647;
			files = (
				D8FB663E1F0C49C300FE4407 /* LaunchScreen.storyboard in Resources */,
				D8FB663B1F0C49C300FE4407 /* Assets.xcassets in Resources */,
				D8FB66391F0C49C300FE4407 /* Main.storyboard in Resources */,
			);
			runOnlyForDeploymentPostprocessing = 0;
		};
		D8FB66421F0C49C300FE4407 /* Resources */ = {
			isa = PBXResourcesBuildPhase;
			buildActionMask = 2147483647;
			files = (
			);
			runOnlyForDeploymentPostprocessing = 0;
		};
/* End PBXResourcesBuildPhase section */

/* Begin PBXSourcesBuildPhase section */
		D8FB662C1F0C49C300FE4407 /* Sources */ = {
			isa = PBXSourcesBuildPhase;
			buildActionMask = 2147483647;
			files = (
				D8FB66361F0C49C300FE4407 /* ViewController.swift in Sources */,
				D8FB66341F0C49C300FE4407 /* AppDelegate.swift in Sources */,
			);
			runOnlyForDeploymentPostprocessing = 0;
		};
		D8FB66401F0C49C300FE4407 /* Sources */ = {
			isa = PBXSourcesBuildPhase;
			buildActionMask = 2147483647;
			files = (
				D8FB66491F0C49C300FE4407 /* zzzzzTests.swift in Sources */,
			);
			runOnlyForDeploymentPostprocessing = 0;
		};
/* End PBXSourcesBuildPhase section */

/* Begin PBXTargetDependency section */
		D8FB66461F0C49C300FE4407 /* PBXTargetDependency */ = {
			isa = PBXTargetDependency;
			target = D8FB662F1F0C49C300FE4407 /* zzzzz */;
			targetProxy = D8FB66451F0C49C300FE4407 /* PBXContainerItemProxy */;
		};
/* End PBXTargetDependency section */

/* Begin PBXVariantGroup section */
		D8FB66371F0C49C300FE4407 /* Main.storyboard */ = {
			isa = PBXVariantGroup;
			children = (
				D8FB66381F0C49C300FE4407 /* Base */,
			);
			name = Main.storyboard;
			sourceTree = "<group>";
		};
		D8FB663C1F0C49C300FE4407 /* LaunchScreen.storyboard */ = {
			isa = PBXVariantGroup;
			children = (
				D8FB663D1F0C49C300FE4407 /* Base */,
			);
			name = LaunchScreen.storyboard;
			sourceTree = "<group>";
		};
/* End PBXVariantGroup section */

/* Begin XCBuildConfiguration section */
		D8FB664B1F0C49C300FE4407 /* Debug */ = {
			isa = XCBuildConfiguration;
			buildSettings = {
				ALWAYS_SEARCH_USER_PATHS = NO;
				CLANG_ANALYZER_NONNULL = YES;
				CLANG_ANALYZER_NUMBER_OBJECT_CONVERSION = YES_AGGRESSIVE;
				CLANG_CXX_LANGUAGE_STANDARD = "gnu++0x";
				CLANG_CXX_LIBRARY = "libc++";
				CLANG_ENABLE_MODULES = YES;
				CLANG_ENABLE_OBJC_ARC = YES;
				CLANG_WARN_BOOL_CONVERSION = YES;
				CLANG_WARN_CONSTANT_CONVERSION = YES;
				CLANG_WARN_DIRECT_OBJC_ISA_USAGE = YES_ERROR;
				CLANG_WARN_DOCUMENTATION_COMMENTS = YES;
				CLANG_WARN_EMPTY_BODY = YES;
				CLANG_WARN_ENUM_CONVERSION = YES;
				CLANG_WARN_INFINITE_RECURSION = YES;
				CLANG_WARN_INT_CONVERSION = YES;
				CLANG_WARN_OBJC_ROOT_CLASS = YES_ERROR;
				CLANG_WARN_SUSPICIOUS_MOVE = YES;
				CLANG_WARN_UNREACHABLE_CODE = YES;
				CLANG_WARN__DUPLICATE_METHOD_MATCH = YES;
				"CODE_SIGN_IDENTITY[sdk=iphoneos*]" = "iPhone Developer";
				COPY_PHASE_STRIP = NO;
				DEBUG_INFORMATION_FORMAT = dwarf;
				ENABLE_STRICT_OBJC_MSGSEND = YES;
				ENABLE_TESTABILITY = YES;
				GCC_C_LANGUAGE_STANDARD = gnu99;
				GCC_DYNAMIC_NO_PIC = NO;
				GCC_NO_COMMON_BLOCKS = YES;
				GCC_OPTIMIZATION_LEVEL = 0;
				GCC_PREPROCESSOR_DEFINITIONS = (
					"DEBUG=1",
					"$(inherited)",
				);
				GCC_WARN_64_TO_32_BIT_CONVERSION = YES;
				GCC_WARN_ABOUT_RETURN_TYPE = YES_ERROR;
				GCC_WARN_UNDECLARED_SELECTOR = YES;
				GCC_WARN_UNINITIALIZED_AUTOS = YES_AGGRESSIVE;
				GCC_WARN_UNUSED_FUNCTION = YES;
				GCC_WARN_UNUSED_VARIABLE = YES;
				IPHONEOS_DEPLOYMENT_TARGET = 10.3;
				MTL_ENABLE_DEBUG_INFO = YES;
				ONLY_ACTIVE_ARCH = YES;
				SDKROOT = iphoneos;
				SWIFT_ACTIVE_COMPILATION_CONDITIONS = DEBUG;
				SWIFT_OPTIMIZATION_LEVEL = "-Onone";
				TARGETED_DEVICE_FAMILY = "1,2";
			};
			name = Debug;
		};
		D8FB664C1F0C49C300FE4407 /* Release */ = {
			isa = XCBuildConfiguration;
			buildSettings = {
				ALWAYS_SEARCH_USER_PATHS = NO;
				CLANG_ANALYZER_NONNULL = YES;
				CLANG_ANALYZER_NUMBER_OBJECT_CONVERSION = YES_AGGRESSIVE;
				CLANG_CXX_LANGUAGE_STANDARD = "gnu++0x";
				CLANG_CXX_LIBRARY = "libc++";
				CLANG_ENABLE_MODULES = YES;
				CLANG_ENABLE_OBJC_ARC = YES;
				CLANG_WARN_BOOL_CONVERSION = YES;
				CLANG_WARN_CONSTANT_CONVERSION = YES;
				CLANG_WARN_DIRECT_OBJC_ISA_USAGE = YES_ERROR;
				CLANG_WARN_DOCUMENTATION_COMMENTS = YES;
				CLANG_WARN_EMPTY_BODY = YES;
				CLANG_WARN_ENUM_CONVERSION = YES;
				CLANG_WARN_INFINITE_RECURSION = YES;
				CLANG_WARN_INT_CONVERSION = YES;
				CLANG_WARN_OBJC_ROOT_CLASS = YES_ERROR;
				CLANG_WARN_SUSPICIOUS_MOVE = YES;
				CLANG_WARN_UNREACHABLE_CODE = YES;
				CLANG_WARN__DUPLICATE_METHOD_MATCH = YES;
				"CODE_SIGN_IDENTITY[sdk=iphoneos*]" = "iPhone Developer";
				COPY_PHASE_STRIP = NO;
				DEBUG_INFORMATION_FORMAT = "dwarf-with-dsym";
				ENABLE_NS_ASSERTIONS = NO;
				ENABLE_STRICT_OBJC_MSGSEND = YES;
				GCC_C_LANGUAGE_STANDARD = gnu99;
				GCC_NO_COMMON_BLOCKS = YES;
				GCC_WARN_64_TO_32_BIT_CONVERSION = YES;
				GCC_WARN_ABOUT_RETURN_TYPE = YES_ERROR;
				GCC_WARN_UNDECLARED_SELECTOR = YES;
				GCC_WARN_UNINITIALIZED_AUTOS = YES_AGGRESSIVE;
				GCC_WARN_UNUSED_FUNCTION = YES;
				GCC_WARN_UNUSED_VARIABLE = YES;
				IPHONEOS_DEPLOYMENT_TARGET = 10.3;
				MTL_ENABLE_DEBUG_INFO = NO;
				SDKROOT = iphoneos;
				SWIFT_OPTIMIZATION_LEVEL = "-Owholemodule";
				TARGETED_DEVICE_FAMILY = "1,2";
				VALIDATE_PRODUCT = YES;
			};
			name = Release;
		};
		D8FB664E1F0C49C300FE4407 /* Debug */ = {
			isa = XCBuildConfiguration;
			buildSettings = {
				ASSETCATALOG_COMPILER_APPICON_NAME = AppIcon;
				DEVELOPMENT_TEAM = AH9SPD7BPD;
				INFOPLIST_FILE = zzzzz/Info.plist;
				LD_RUNPATH_SEARCH_PATHS = "$(inherited) @executable_path/Frameworks";
				PRODUCT_BUNDLE_IDENTIFIER = com.bustos.zzzzz;
				PRODUCT_NAME = "$(TARGET_NAME)";
				SWIFT_VERSION = 3.0;
			};
			name = Debug;
		};
		D8FB664F1F0C49C300FE4407 /* Release */ = {
			isa = XCBuildConfiguration;
			buildSettings = {
				ASSETCATALOG_COMPILER_APPICON_NAME = AppIcon;
				DEVELOPMENT_TEAM = AH9SPD7BPD;
				INFOPLIST_FILE = zzzzz/Info.plist;
				LD_RUNPATH_SEARCH_PATHS = "$(inherited) @executable_path/Frameworks";
				PRODUCT_BUNDLE_IDENTIFIER = com.bustos.zzzzz;
				PRODUCT_NAME = "$(TARGET_NAME)";
				SWIFT_VERSION = 3.0;
			};
			name = Release;
		};
		D8FB66511F0C49C300FE4407 /* Debug */ = {
			isa = XCBuildConfiguration;
			buildSettings = {
				ALWAYS_EMBED_SWIFT_STANDARD_LIBRARIES = YES;
				BUNDLE_LOADER = "$(TEST_HOST)";
				DEVELOPMENT_TEAM = AH9SPD7BPD;
				INFOPLIST_FILE = zzzzzTests/Info.plist;
				LD_RUNPATH_SEARCH_PATHS = "$(inherited) @executable_path/Frameworks @loader_path/Frameworks";
				PRODUCT_BUNDLE_IDENTIFIER = com.bustos.zzzzzTests;
				PRODUCT_NAME = "$(TARGET_NAME)";
				SWIFT_VERSION = 3.0;
				TEST_HOST = "$(BUILT_PRODUCTS_DIR)/zzzzz.app/zzzzz";
			};
			name = Debug;
		};
		D8FB66521F0C49C300FE4407 /* Release */ = {
			isa = XCBuildConfiguration;
			buildSettings = {
				ALWAYS_EMBED_SWIFT_STANDARD_LIBRARIES = YES;
				BUNDLE_LOADER = "$(TEST_HOST)";
				DEVELOPMENT_TEAM = AH9SPD7BPD;
				INFOPLIST_FILE = zzzzzTests/Info.plist;
				LD_RUNPATH_SEARCH_PATHS = "$(inherited) @executable_path/Frameworks @loader_path/Frameworks";
				PRODUCT_BUNDLE_IDENTIFIER = com.bustos.zzzzzTests;
				PRODUCT_NAME = "$(TARGET_NAME)";
				SWIFT_VERSION = 3.0;
				TEST_HOST = "$(BUILT_PRODUCTS_DIR)/zzzzz.app/zzzzz";
			};
			name = Release;
		};
/* End XCBuildConfiguration section */

/* Begin XCConfigurationList section */
		D8FB662B1F0C49C300FE4407 /* Build configuration list for PBXProject "zzzzz" */ = {
			isa = XCConfigurationList;
			buildConfigurations = (
				D8FB664B1F0C49C300FE4407 /* Debug */,
				D8FB664C1F0C49C300FE4407 /* Release */,
			);
			defaultConfigurationIsVisible = 0;
			defaultConfigurationName = Release;
		};
		D8FB664D1F0C49C300FE4407 /* Build configuration list for PBXNativeTarget "zzzzz" */ = {
			isa = XCConfigurationList;
			buildConfigurations = (
				D8FB664E1F0C49C300FE4407 /* Debug */,
				D8FB664F1F0C49C300FE4407 /* Release */,
			);
			defaultConfigurationIsVisible = 0;
		};
		D8FB66501F0C49C300FE4407 /* Build configuration list for PBXNativeTarget "zzzzzTests" */ = {
			isa = XCConfigurationList;
			buildConfigurations = (
				D8FB66511F0C49C300FE4407 /* Debug */,
				D8FB66521F0C49C300FE4407 /* Release */,
			);
			defaultConfigurationIsVisible = 0;
		};
/* End XCConfigurationList section */
	};
	rootObject = D8FB66281F0C49C300FE4407 /* Project object */;
}
